
Microsoft Visual Studio Solution File, Format Version 12.00
# Visual Studio 15
Project("{FAE04EC0-301F-11D3-BF4B-00C04F79EFBC}") = "monitoring-app.Android", "monitoring-app.Android\monitoring-app.Android.csproj", "{0303807A-94C3-4250-8526-E8DD6CE889F1}"
EndProject
Project("{FAE04EC0-301F-11D3-BF4B-00C04F79EFBC}") = "monitoring-app.iOS", "monitoring-app.iOS\monitoring-app.iOS.csproj", "{9D129522-A1EC-4C5D-A0E3-3ECEA693785E}"
EndProject
Project("{FAE04EC0-301F-11D3-BF4B-00C04F79EFBC}") = "monitoring-app", "monitoring-app\monitoring-app.csproj", "{DE40CF05-6DB0-4A31-916F-FD6A31062DD9}"
EndProject
Global
	GlobalSection(SolutionConfigurationPlatforms) = preSolution
		Debug|Any CPU = Debug|Any CPU
		Release|Any CPU = Release|Any CPU
		Debug|iPhoneSimulator = Debug|iPhoneSimulator
		Release|iPhoneSimulator = Release|iPhoneSimulator
		Debug|iPhone = Debug|iPhone
		Release|iPhone = Release|iPhone
	EndGlobalSection
	GlobalSection(ProjectConfigurationPlatforms) = postSolution
		{0303807A-94C3-4250-8526-E8DD6CE889F1}.Debug|Any CPU.ActiveCfg = Debug|Any CPU
		{0303807A-94C3-4250-8526-E8DD6CE889F1}.Debug|Any CPU.Build.0 = Debug|Any CPU
		{0303807A-94C3-4250-8526-E8DD6CE889F1}.Release|Any CPU.ActiveCfg = Release|Any CPU
		{0303807A-94C3-4250-8526-E8DD6CE889F1}.Release|Any CPU.Build.0 = Release|Any CPU
		{0303807A-94C3-4250-8526-E8DD6CE889F1}.Debug|iPhoneSimulator.ActiveCfg = Debug|Any CPU
		{0303807A-94C3-4250-8526-E8DD6CE889F1}.Debug|iPhoneSimulator.Build.0 = Debug|Any CPU
		{0303807A-94C3-4250-8526-E8DD6CE889F1}.Release|iPhoneSimulator.ActiveCfg = Release|Any CPU
		{0303807A-94C3-4250-8526-E8DD6CE889F1}.Release|iPhoneSimulator.Build.0 = Release|Any CPU
		{0303807A-94C3-4250-8526-E8DD6CE889F1}.Debug|iPhone.ActiveCfg = Debug|Any CPU
		{0303807A-94C3-4250-8526-E8DD6CE889F1}.Debug|iPhone.Build.0 = Debug|Any CPU
		{0303807A-94C3-4250-8526-E8DD6CE889F1}.Release|iPhone.ActiveCfg = Release|Any CPU
		{0303807A-94C3-4250-8526-E8DD6CE889F1}.Release|iPhone.Build.0 = Release|Any CPU
		{9D129522-A1EC-4C5D-A0E3-3ECEA693785E}.Debug|Any CPU.ActiveCfg = Debug|iPhoneSimulator
		{9D129522-A1EC-4C5D-A0E3-3ECEA693785E}.Debug|Any CPU.Build.0 = Debug|iPhoneSimulator
		{9D129522-A1EC-4C5D-A0E3-3ECEA693785E}.Release|Any CPU.ActiveCfg = Release|iPhoneSimulator
		{9D129522-A1EC-4C5D-A0E3-3ECEA693785E}.Release|Any CPU.Build.0 = Release|iPhoneSimulator
		{9D129522-A1EC-4C5D-A0E3-3ECEA693785E}.Debug|iPhoneSimulator.ActiveCfg = Debug|iPhoneSimulator
		{9D129522-A1EC-4C5D-A0E3-3ECEA693785E}.Debug|iPhoneSimulator.Build.0 = Debug|iPhoneSimulator
		{9D129522-A1EC-4C5D-A0E3-3ECEA693785E}.Release|iPhoneSimulator.ActiveCfg = Release|iPhoneSimulator
		{9D129522-A1EC-4C5D-A0E3-3ECEA693785E}.Release|iPhoneSimulator.Build.0 = Release|iPhoneSimulator
		{9D129522-A1EC-4C5D-A0E3-3ECEA693785E}.Debug|iPhone.ActiveCfg = Debug|iPhone
		{9D129522-A1EC-4C5D-A0E3-3ECEA693785E}.Debug|iPhone.Build.0 = Debug|iPhone
		{9D129522-A1EC-4C5D-A0E3-3ECEA693785E}.Release|iPhone.ActiveCfg = Release|iPhone
		{9D129522-A1EC-4C5D-A0E3-3ECEA693785E}.Release|iPhone.Build.0 = Release|iPhone
		{DE40CF05-6DB0-4A31-916F-FD6A31062DD9}.Debug|Any CPU.ActiveCfg = Debug|Any CPU
		{DE40CF05-6DB0-4A31-916F-FD6A31062DD9}.Debug|Any CPU.Build.0 = Debug|Any CPU
		{DE40CF05-6DB0-4A31-916F-FD6A31062DD9}.Release|Any CPU.ActiveCfg = Release|Any CPU
		{DE40CF05-6DB0-4A31-916F-FD6A31062DD9}.Release|Any CPU.Build.0 = Release|Any CPU
		{DE40CF05-6DB0-4A31-916F-FD6A31062DD9}.Debug|iPhoneSimulator.ActiveCfg = Debug|Any CPU
		{DE40CF05-6DB0-4A31-916F-FD6A31062DD9}.Debug|iPhoneSimulator.Build.0 = Debug|Any CPU
		{DE40CF05-6DB0-4A31-916F-FD6A31062DD9}.Release|iPhoneSimulator.ActiveCfg = Release|Any CPU
		{DE40CF05-6DB0-4A31-916F-FD6A31062DD9}.Release|iPhoneSimulator.Build.0 = Release|Any CPU
		{DE40CF05-6DB0-4A31-916F-FD6A31062DD9}.Debug|iPhone.ActiveCfg = Debug|Any CPU
		{DE40CF05-6DB0-4A31-916F-FD6A31062DD9}.Debug|iPhone.Build.0 = Debug|Any CPU
		{DE40CF05-6DB0-4A31-916F-FD6A31062DD9}.Release|iPhone.ActiveCfg = Release|Any CPU
		{DE40CF05-6DB0-4A31-916F-FD6A31062DD9}.Release|iPhone.Build.0 = Release|Any CPU
	EndGlobalSection
EndGlobal
